<?xml version="1.0" encoding="utf-8"?>
<Project ToolsVersion="16.0" xmlns="http://schemas.microsoft.com/developer/msbuild/2003">
  <ItemGroup>
    <CustomBuild Include="C:\Users\Laptop\Documents\Ruwayda\Projects\vk_async_resources\CMakeFiles\f4b6e81e9a815451316902ca12a94a42\INSTALL_force.rule">
      <Filter>CMake Rules</Filter>
    </CustomBuild>
  </ItemGroup>
  <ItemGroup>
    <Filter Include="CMake Rules">
      <UniqueIdentifier>{AB2384EE-829B-36C8-ACDF-09F8C86E7884}</UniqueIdentifier>
    </Filter>
  </ItemGroup>
</Project>
