
Microsoft Visual Studio Solution File, Format Version 12.00
# Visual Studio Version 16
Project("{2150E333-8FDC-42A3-9474-1A3956D46DE8}") = "ThirdParty", "ThirdParty", "{FB308781-856A-3C98-BB27-497715A2B056}"
EndProject
Project("{2150E333-8FDC-42A3-9474-1A3956D46DE8}") = "_cmake", "_cmake", "{94D1B97F-E81D-346C-82B0-44675032CA16}"
EndProject
Project("{8BC9CEB8-8B4A-11D0-8D11-00A0C91BC942}") = "ALL_BUILD", "ALL_BUILD.vcxproj", "{B3F1EB7E-F897-3123-A73D-445D258E6B74}"
	ProjectSection(ProjectDependencies) = postProject
		{95A10F67-1655-3A2A-9D1A-C264DADE2990} = {95A10F67-1655-3A2A-9D1A-C264DADE2990}
		{6FF49F65-4A5E-318B-B74D-5C3C3DF7BD5A} = {6FF49F65-4A5E-318B-B74D-5C3C3DF7BD5A}
		{F8840205-B0D9-3284-B173-FAFF84FB2FA8} = {F8840205-B0D9-3284-B173-FAFF84FB2FA8}
		{BE7E921B-0838-342A-8B15-D1F081B0727E} = {BE7E921B-0838-342A-8B15-D1F081B0727E}
		{A274AEBE-5D82-37E9-AD73-B41260BF44D3} = {A274AEBE-5D82-37E9-AD73-B41260BF44D3}
	EndProjectSection
EndProject
Project("{8BC9CEB8-8B4A-11D0-8D11-00A0C91BC942}") = "INSTALL", "INSTALL.vcxproj", "{E7DE654F-C821-3B10-8EF6-3CADF0F4A038}"
	ProjectSection(ProjectDependencies) = postProject
		{B3F1EB7E-F897-3123-A73D-445D258E6B74} = {B3F1EB7E-F897-3123-A73D-445D258E6B74}
		{95A10F67-1655-3A2A-9D1A-C264DADE2990} = {95A10F67-1655-3A2A-9D1A-C264DADE2990}
	EndProjectSection
EndProject
Project("{8BC9CEB8-8B4A-11D0-8D11-00A0C91BC942}") = "ZERO_CHECK", "ZERO_CHECK.vcxproj", "{95A10F67-1655-3A2A-9D1A-C264DADE2990}"
	ProjectSection(ProjectDependencies) = postProject
	EndProjectSection
EndProject
Project("{8BC9CEB8-8B4A-11D0-8D11-00A0C91BC942}") = "glfw", "nvpro_core\third_party\glfw\src\glfw.vcxproj", "{6FF49F65-4A5E-318B-B74D-5C3C3DF7BD5A}"
	ProjectSection(ProjectDependencies) = postProject
		{95A10F67-1655-3A2A-9D1A-C264DADE2990} = {95A10F67-1655-3A2A-9D1A-C264DADE2990}
	EndProjectSection
EndProject
Project("{8BC9CEB8-8B4A-11D0-8D11-00A0C91BC942}") = "imgui", "nvpro_core\third_party\imgui.vcxproj", "{F8840205-B0D9-3284-B173-FAFF84FB2FA8}"
	ProjectSection(ProjectDependencies) = postProject
		{95A10F67-1655-3A2A-9D1A-C264DADE2990} = {95A10F67-1655-3A2A-9D1A-C264DADE2990}
	EndProjectSection
EndProject
Project("{8BC9CEB8-8B4A-11D0-8D11-00A0C91BC942}") = "nvpro_core", "nvpro_core\nvpro_core.vcxproj", "{BE7E921B-0838-342A-8B15-D1F081B0727E}"
	ProjectSection(ProjectDependencies) = postProject
		{95A10F67-1655-3A2A-9D1A-C264DADE2990} = {95A10F67-1655-3A2A-9D1A-C264DADE2990}
		{6FF49F65-4A5E-318B-B74D-5C3C3DF7BD5A} = {6FF49F65-4A5E-318B-B74D-5C3C3DF7BD5A}
		{F8840205-B0D9-3284-B173-FAFF84FB2FA8} = {F8840205-B0D9-3284-B173-FAFF84FB2FA8}
	EndProjectSection
EndProject
Project("{8BC9CEB8-8B4A-11D0-8D11-00A0C91BC942}") = "vk_async_resources", "vk_async_resources.vcxproj", "{A274AEBE-5D82-37E9-AD73-B41260BF44D3}"
	ProjectSection(ProjectDependencies) = postProject
		{95A10F67-1655-3A2A-9D1A-C264DADE2990} = {95A10F67-1655-3A2A-9D1A-C264DADE2990}
		{6FF49F65-4A5E-318B-B74D-5C3C3DF7BD5A} = {6FF49F65-4A5E-318B-B74D-5C3C3DF7BD5A}
		{F8840205-B0D9-3284-B173-FAFF84FB2FA8} = {F8840205-B0D9-3284-B173-FAFF84FB2FA8}
		{BE7E921B-0838-342A-8B15-D1F081B0727E} = {BE7E921B-0838-342A-8B15-D1F081B0727E}
	EndProjectSection
EndProject
Global
	GlobalSection(SolutionConfigurationPlatforms) = preSolution
		Debug|x64 = Debug|x64
		Release|x64 = Release|x64
		MinSizeRel|x64 = MinSizeRel|x64
		RelWithDebInfo|x64 = RelWithDebInfo|x64
	EndGlobalSection
	GlobalSection(ProjectConfigurationPlatforms) = postSolution
		{B3F1EB7E-F897-3123-A73D-445D258E6B74}.Debug|x64.ActiveCfg = Debug|x64
		{B3F1EB7E-F897-3123-A73D-445D258E6B74}.Debug|x64.Build.0 = Debug|x64
		{B3F1EB7E-F897-3123-A73D-445D258E6B74}.Release|x64.ActiveCfg = Release|x64
		{B3F1EB7E-F897-3123-A73D-445D258E6B74}.Release|x64.Build.0 = Release|x64
		{B3F1EB7E-F897-3123-A73D-445D258E6B74}.MinSizeRel|x64.ActiveCfg = MinSizeRel|x64
		{B3F1EB7E-F897-3123-A73D-445D258E6B74}.MinSizeRel|x64.Build.0 = MinSizeRel|x64
		{B3F1EB7E-F897-3123-A73D-445D258E6B74}.RelWithDebInfo|x64.ActiveCfg = RelWithDebInfo|x64
		{B3F1EB7E-F897-3123-A73D-445D258E6B74}.RelWithDebInfo|x64.Build.0 = RelWithDebInfo|x64
		{E7DE654F-C821-3B10-8EF6-3CADF0F4A038}.Debug|x64.ActiveCfg = Debug|x64
		{E7DE654F-C821-3B10-8EF6-3CADF0F4A038}.Release|x64.ActiveCfg = Release|x64
		{E7DE654F-C821-3B10-8EF6-3CADF0F4A038}.MinSizeRel|x64.ActiveCfg = MinSizeRel|x64
		{E7DE654F-C821-3B10-8EF6-3CADF0F4A038}.RelWithDebInfo|x64.ActiveCfg = RelWithDebInfo|x64
		{95A10F67-1655-3A2A-9D1A-C264DADE2990}.Debug|x64.ActiveCfg = Debug|x64
		{95A10F67-1655-3A2A-9D1A-C264DADE2990}.Debug|x64.Build.0 = Debug|x64
		{95A10F67-1655-3A2A-9D1A-C264DADE2990}.Release|x64.ActiveCfg = Release|x64
		{95A10F67-1655-3A2A-9D1A-C264DADE2990}.Release|x64.Build.0 = Release|x64
		{95A10F67-1655-3A2A-9D1A-C264DADE2990}.MinSizeRel|x64.ActiveCfg = MinSizeRel|x64
		{95A10F67-1655-3A2A-9D1A-C264DADE2990}.MinSizeRel|x64.Build.0 = MinSizeRel|x64
		{95A10F67-1655-3A2A-9D1A-C264DADE2990}.RelWithDebInfo|x64.ActiveCfg = RelWithDebInfo|x64
		{95A10F67-1655-3A2A-9D1A-C264DADE2990}.RelWithDebInfo|x64.Build.0 = RelWithDebInfo|x64
		{6FF49F65-4A5E-318B-B74D-5C3C3DF7BD5A}.Debug|x64.ActiveCfg = Debug|x64
		{6FF49F65-4A5E-318B-B74D-5C3C3DF7BD5A}.Debug|x64.Build.0 = Debug|x64
		{6FF49F65-4A5E-318B-B74D-5C3C3DF7BD5A}.Release|x64.ActiveCfg = Release|x64
		{6FF49F65-4A5E-318B-B74D-5C3C3DF7BD5A}.Release|x64.Build.0 = Release|x64
		{6FF49F65-4A5E-318B-B74D-5C3C3DF7BD5A}.MinSizeRel|x64.ActiveCfg = MinSizeRel|x64
		{6FF49F65-4A5E-318B-B74D-5C3C3DF7BD5A}.MinSizeRel|x64.Build.0 = MinSizeRel|x64
		{6FF49F65-4A5E-318B-B74D-5C3C3DF7BD5A}.RelWithDebInfo|x64.ActiveCfg = RelWithDebInfo|x64
		{6FF49F65-4A5E-318B-B74D-5C3C3DF7BD5A}.RelWithDebInfo|x64.Build.0 = RelWithDebInfo|x64
		{F8840205-B0D9-3284-B173-FAFF84FB2FA8}.Debug|x64.ActiveCfg = Debug|x64
		{F8840205-B0D9-3284-B173-FAFF84FB2FA8}.Debug|x64.Build.0 = Debug|x64
		{F8840205-B0D9-3284-B173-FAFF84FB2FA8}.Release|x64.ActiveCfg = Release|x64
		{F8840205-B0D9-3284-B173-FAFF84FB2FA8}.Release|x64.Build.0 = Release|x64
		{F8840205-B0D9-3284-B173-FAFF84FB2FA8}.MinSizeRel|x64.ActiveCfg = MinSizeRel|x64
		{F8840205-B0D9-3284-B173-FAFF84FB2FA8}.MinSizeRel|x64.Build.0 = MinSizeRel|x64
		{F8840205-B0D9-3284-B173-FAFF84FB2FA8}.RelWithDebInfo|x64.ActiveCfg = RelWithDebInfo|x64
		{F8840205-B0D9-3284-B173-FAFF84FB2FA8}.RelWithDebInfo|x64.Build.0 = RelWithDebInfo|x64
		{BE7E921B-0838-342A-8B15-D1F081B0727E}.Debug|x64.ActiveCfg = Debug|x64
		{BE7E921B-0838-342A-8B15-D1F081B0727E}.Debug|x64.Build.0 = Debug|x64
		{BE7E921B-0838-342A-8B15-D1F081B0727E}.Release|x64.ActiveCfg = Release|x64
		{BE7E921B-0838-342A-8B15-D1F081B0727E}.Release|x64.Build.0 = Release|x64
		{BE7E921B-0838-342A-8B15-D1F081B0727E}.MinSizeRel|x64.ActiveCfg = MinSizeRel|x64
		{BE7E921B-0838-342A-8B15-D1F081B0727E}.MinSizeRel|x64.Build.0 = MinSizeRel|x64
		{BE7E921B-0838-342A-8B15-D1F081B0727E}.RelWithDebInfo|x64.ActiveCfg = RelWithDebInfo|x64
		{BE7E921B-0838-342A-8B15-D1F081B0727E}.RelWithDebInfo|x64.Build.0 = RelWithDebInfo|x64
		{A274AEBE-5D82-37E9-AD73-B41260BF44D3}.Debug|x64.ActiveCfg = Debug|x64
		{A274AEBE-5D82-37E9-AD73-B41260BF44D3}.Debug|x64.Build.0 = Debug|x64
		{A274AEBE-5D82-37E9-AD73-B41260BF44D3}.Release|x64.ActiveCfg = Release|x64
		{A274AEBE-5D82-37E9-AD73-B41260BF44D3}.Release|x64.Build.0 = Release|x64
		{A274AEBE-5D82-37E9-AD73-B41260BF44D3}.MinSizeRel|x64.ActiveCfg = MinSizeRel|x64
		{A274AEBE-5D82-37E9-AD73-B41260BF44D3}.MinSizeRel|x64.Build.0 = MinSizeRel|x64
		{A274AEBE-5D82-37E9-AD73-B41260BF44D3}.RelWithDebInfo|x64.ActiveCfg = RelWithDebInfo|x64
		{A274AEBE-5D82-37E9-AD73-B41260BF44D3}.RelWithDebInfo|x64.Build.0 = RelWithDebInfo|x64
	EndGlobalSection
	GlobalSection(NestedProjects) = preSolution
		{6FF49F65-4A5E-318B-B74D-5C3C3DF7BD5A} = {FB308781-856A-3C98-BB27-497715A2B056}
		{F8840205-B0D9-3284-B173-FAFF84FB2FA8} = {FB308781-856A-3C98-BB27-497715A2B056}
		{B3F1EB7E-F897-3123-A73D-445D258E6B74} = {94D1B97F-E81D-346C-82B0-44675032CA16}
		{E7DE654F-C821-3B10-8EF6-3CADF0F4A038} = {94D1B97F-E81D-346C-82B0-44675032CA16}
		{95A10F67-1655-3A2A-9D1A-C264DADE2990} = {94D1B97F-E81D-346C-82B0-44675032CA16}
	EndGlobalSection
	GlobalSection(ExtensibilityGlobals) = postSolution
		SolutionGuid = {548E5917-3ED6-345E-BF1B-EEB980F40928}
	EndGlobalSection
	GlobalSection(ExtensibilityAddIns) = postSolution
	EndGlobalSection
EndGlobal
